
Microsoft Visual Studio Solution File, Format Version 12.00
# Visual Studio 14
VisualStudioVersion = 14.0.25420.1
MinimumVisualStudioVersion = 10.0.40219.1
Project("{FAE04EC0-301F-11D3-BF4B-00C04F79EFBC}") = "Shop", "Shop\Shop.csproj", "{F0A405BD-C7A2-40B5-81D7-57AB0933134F}"
EndProject
Project("{FAE04EC0-301F-11D3-BF4B-00C04F79EFBC}") = "Models", "..\Models\Models.csproj", "{002DB299-733C-4656-83C6-55DE4043DC1C}"
EndProject
Global
	GlobalSection(SolutionConfigurationPlatforms) = preSolution
		Debug|Any CPU = Debug|Any CPU
		Release|Any CPU = Release|Any CPU
	EndGlobalSection
	GlobalSection(ProjectConfigurationPlatforms) = postSolution
		{F0A405BD-C7A2-40B5-81D7-57AB0933134F}.Debug|Any CPU.ActiveCfg = Debug|Any CPU
		{F0A405BD-C7A2-40B5-81D7-57AB0933134F}.Debug|Any CPU.Build.0 = Debug|Any CPU
		{F0A405BD-C7A2-40B5-81D7-57AB0933134F}.Release|Any CPU.ActiveCfg = Release|Any CPU
		{F0A405BD-C7A2-40B5-81D7-57AB0933134F}.Release|Any CPU.Build.0 = Release|Any CPU
		{002DB299-733C-4656-83C6-55DE4043DC1C}.Debug|Any CPU.ActiveCfg = Debug|Any CPU
		{002DB299-733C-4656-83C6-55DE4043DC1C}.Debug|Any CPU.Build.0 = Debug|Any CPU
		{002DB299-733C-4656-83C6-55DE4043DC1C}.Release|Any CPU.ActiveCfg = Release|Any CPU
		{002DB299-733C-4656-83C6-55DE4043DC1C}.Release|Any CPU.Build.0 = Release|Any CPU
	EndGlobalSection
	GlobalSection(SolutionProperties) = preSolution
		HideSolutionNode = FALSE
	EndGlobalSection
EndGlobal
